
Microsoft Visual Studio Solution File, Format Version 12.00
# Visual Studio Version 17
VisualStudioVersion = 17.3.32929.385
MinimumVisualStudioVersion = 10.0.40219.1
Project("{FAE04EC0-301F-11D3-BF4B-00C04F79EFBC}") = "ConsoleApp1", "ConsoleApp1\ConsoleApp1.csproj", "{D6FC739D-6AD2-45A8-9DDB-D5874C7DE252}"
EndProject
Global
	GlobalSection(SolutionConfigurationPlatforms) = preSolution
		Debug|Any CPU = Debug|Any CPU
		Release|Any CPU = Release|Any CPU
	EndGlobalSection
	GlobalSection(ProjectConfigurationPlatforms) = postSolution
		{D6FC739D-6AD2-45A8-9DDB-D5874C7DE252}.Debug|Any CPU.ActiveCfg = Debug|Any CPU
		{D6FC739D-6AD2-45A8-9DDB-D5874C7DE252}.Debug|Any CPU.Build.0 = Debug|Any CPU
		{D6FC739D-6AD2-45A8-9DDB-D5874C7DE252}.Release|Any CPU.ActiveCfg = Release|Any CPU
		{D6FC739D-6AD2-45A8-9DDB-D5874C7DE252}.Release|Any CPU.Build.0 = Release|Any CPU
	EndGlobalSection
	GlobalSection(SolutionProperties) = preSolution
		HideSolutionNode = FALSE
	EndGlobalSection
	GlobalSection(ExtensibilityGlobals) = postSolution
		SolutionGuid = {5D20D4CD-C1BF-4287-AD78-4E05DEF7B236}
	EndGlobalSection
EndGlobal
